
Microsoft Visual Studio Solution File, Format Version 12.00
# Visual Studio 15
VisualStudioVersion = 15.0.28010.2026
MinimumVisualStudioVersion = 10.0.40219.1
Project("{9A19103F-16F7-4668-BE54-9A1E7A4F7556}") = "JSicking_Crowe_HelloWorldAssessment", "JSicking_Crowe_HelloWorldAssessment\JSicking_Crowe_HelloWorldAssessment.csproj", "{02295189-6521-4FA7-A320-86C8F200B184}"
EndProject
Project("{9A19103F-16F7-4668-BE54-9A1E7A4F7556}") = "ServiceLibrary", "ServiceWriter\ServiceLibrary.csproj", "{8ECA6B96-43B5-42C4-BB16-96B48276BD45}"
EndProject
Project("{9A19103F-16F7-4668-BE54-9A1E7A4F7556}") = "ServiceWriterFactory", "ServiceWriterFactory\ServiceWriterFactory.csproj", "{D59C77D0-8520-40DC-92AD-36FB6CA96A2C}"
EndProject
Project("{9A19103F-16F7-4668-BE54-9A1E7A4F7556}") = "APIs", "ServiceAPI\APIs.csproj", "{50336E02-CDEE-4357-BB93-005F6C91D3E1}"
EndProject
Project("{FAE04EC0-301F-11D3-BF4B-00C04F79EFBC}") = "UnitTests", "UnitTests\UnitTests.csproj", "{D11BD679-3B5E-4AC1-A390-7A688653F9D3}"
EndProject
Global
	GlobalSection(SolutionConfigurationPlatforms) = preSolution
		Debug|Any CPU = Debug|Any CPU
		Release|Any CPU = Release|Any CPU
	EndGlobalSection
	GlobalSection(ProjectConfigurationPlatforms) = postSolution
		{02295189-6521-4FA7-A320-86C8F200B184}.Debug|Any CPU.ActiveCfg = Debug|Any CPU
		{02295189-6521-4FA7-A320-86C8F200B184}.Debug|Any CPU.Build.0 = Debug|Any CPU
		{02295189-6521-4FA7-A320-86C8F200B184}.Release|Any CPU.ActiveCfg = Release|Any CPU
		{02295189-6521-4FA7-A320-86C8F200B184}.Release|Any CPU.Build.0 = Release|Any CPU
		{8ECA6B96-43B5-42C4-BB16-96B48276BD45}.Debug|Any CPU.ActiveCfg = Debug|Any CPU
		{8ECA6B96-43B5-42C4-BB16-96B48276BD45}.Debug|Any CPU.Build.0 = Debug|Any CPU
		{8ECA6B96-43B5-42C4-BB16-96B48276BD45}.Release|Any CPU.ActiveCfg = Release|Any CPU
		{8ECA6B96-43B5-42C4-BB16-96B48276BD45}.Release|Any CPU.Build.0 = Release|Any CPU
		{D59C77D0-8520-40DC-92AD-36FB6CA96A2C}.Debug|Any CPU.ActiveCfg = Debug|Any CPU
		{D59C77D0-8520-40DC-92AD-36FB6CA96A2C}.Debug|Any CPU.Build.0 = Debug|Any CPU
		{D59C77D0-8520-40DC-92AD-36FB6CA96A2C}.Release|Any CPU.ActiveCfg = Release|Any CPU
		{D59C77D0-8520-40DC-92AD-36FB6CA96A2C}.Release|Any CPU.Build.0 = Release|Any CPU
		{50336E02-CDEE-4357-BB93-005F6C91D3E1}.Debug|Any CPU.ActiveCfg = Debug|Any CPU
		{50336E02-CDEE-4357-BB93-005F6C91D3E1}.Debug|Any CPU.Build.0 = Debug|Any CPU
		{50336E02-CDEE-4357-BB93-005F6C91D3E1}.Release|Any CPU.ActiveCfg = Release|Any CPU
		{50336E02-CDEE-4357-BB93-005F6C91D3E1}.Release|Any CPU.Build.0 = Release|Any CPU
		{D11BD679-3B5E-4AC1-A390-7A688653F9D3}.Debug|Any CPU.ActiveCfg = Debug|Any CPU
		{D11BD679-3B5E-4AC1-A390-7A688653F9D3}.Debug|Any CPU.Build.0 = Debug|Any CPU
		{D11BD679-3B5E-4AC1-A390-7A688653F9D3}.Release|Any CPU.ActiveCfg = Release|Any CPU
		{D11BD679-3B5E-4AC1-A390-7A688653F9D3}.Release|Any CPU.Build.0 = Release|Any CPU
	EndGlobalSection
	GlobalSection(SolutionProperties) = preSolution
		HideSolutionNode = FALSE
	EndGlobalSection
	GlobalSection(ExtensibilityGlobals) = postSolution
		SolutionGuid = {C0B941FB-69D7-42F4-88D6-0FAA966D9734}
	EndGlobalSection
EndGlobal
